
Microsoft Visual Studio Solution File, Format Version 12.00
# Visual Studio Version 16
VisualStudioVersion = 16.0.31005.135
MinimumVisualStudioVersion = 10.0.40219.1
Project("{FAE04EC0-301F-11D3-BF4B-00C04F79EFBC}") = "Lesson1Test2", "Lesson1Test2\Lesson1Test2.csproj", "{73B7100A-17A2-4F29-AB3E-7FD31AC81640}"
EndProject
Global
	GlobalSection(SolutionConfigurationPlatforms) = preSolution
		Debug|Any CPU = Debug|Any CPU
		Release|Any CPU = Release|Any CPU
	EndGlobalSection
	GlobalSection(ProjectConfigurationPlatforms) = postSolution
		{73B7100A-17A2-4F29-AB3E-7FD31AC81640}.Debug|Any CPU.ActiveCfg = Debug|Any CPU
		{73B7100A-17A2-4F29-AB3E-7FD31AC81640}.Debug|Any CPU.Build.0 = Debug|Any CPU
		{73B7100A-17A2-4F29-AB3E-7FD31AC81640}.Release|Any CPU.ActiveCfg = Release|Any CPU
		{73B7100A-17A2-4F29-AB3E-7FD31AC81640}.Release|Any CPU.Build.0 = Release|Any CPU
	EndGlobalSection
	GlobalSection(SolutionProperties) = preSolution
		HideSolutionNode = FALSE
	EndGlobalSection
	GlobalSection(ExtensibilityGlobals) = postSolution
		SolutionGuid = {0FC0C0B3-B260-4FBB-B7F5-EB257FAC3FCB}
	EndGlobalSection
EndGlobal
