
Microsoft Visual Studio Solution File, Format Version 12.00
# Visual Studio Version 16
VisualStudioVersion = 16.0.31005.135
MinimumVisualStudioVersion = 10.0.40219.1
Project("{9A19103F-16F7-4668-BE54-9A1E7A4F7556}") = "MetricsManager", "MetricsManager\MetricsManager.csproj", "{73B7100A-17A2-4F29-AB3E-7FD31AC81640}"
EndProject
Project("{9A19103F-16F7-4668-BE54-9A1E7A4F7556}") = "MetricsManagerTests", "MetricsManagerTests\MetricsManagerTests.csproj", "{42647769-A379-4A18-854B-5AF92F5EC6CD}"
EndProject
Project("{9A19103F-16F7-4668-BE54-9A1E7A4F7556}") = "MetricsAgent", "MetricsAgent\MetricsAgent.csproj", "{640C13CB-2953-4606-8311-BC900E296E40}"
EndProject
Project("{FAE04EC0-301F-11D3-BF4B-00C04F79EFBC}") = "MetricsAgentTests", "MetricsAgentTests\MetricsAgentTests.csproj", "{33FDD2E1-39C9-45FD-A94D-F0926B0CB13C}"
EndProject
Global
	GlobalSection(SolutionConfigurationPlatforms) = preSolution
		Debug|Any CPU = Debug|Any CPU
		Release|Any CPU = Release|Any CPU
	EndGlobalSection
	GlobalSection(ProjectConfigurationPlatforms) = postSolution
		{73B7100A-17A2-4F29-AB3E-7FD31AC81640}.Debug|Any CPU.ActiveCfg = Debug|Any CPU
		{73B7100A-17A2-4F29-AB3E-7FD31AC81640}.Debug|Any CPU.Build.0 = Debug|Any CPU
		{73B7100A-17A2-4F29-AB3E-7FD31AC81640}.Release|Any CPU.ActiveCfg = Release|Any CPU
		{73B7100A-17A2-4F29-AB3E-7FD31AC81640}.Release|Any CPU.Build.0 = Release|Any CPU
		{42647769-A379-4A18-854B-5AF92F5EC6CD}.Debug|Any CPU.ActiveCfg = Debug|Any CPU
		{42647769-A379-4A18-854B-5AF92F5EC6CD}.Debug|Any CPU.Build.0 = Debug|Any CPU
		{42647769-A379-4A18-854B-5AF92F5EC6CD}.Release|Any CPU.ActiveCfg = Release|Any CPU
		{42647769-A379-4A18-854B-5AF92F5EC6CD}.Release|Any CPU.Build.0 = Release|Any CPU
		{640C13CB-2953-4606-8311-BC900E296E40}.Debug|Any CPU.ActiveCfg = Debug|Any CPU
		{640C13CB-2953-4606-8311-BC900E296E40}.Debug|Any CPU.Build.0 = Debug|Any CPU
		{640C13CB-2953-4606-8311-BC900E296E40}.Release|Any CPU.ActiveCfg = Release|Any CPU
		{640C13CB-2953-4606-8311-BC900E296E40}.Release|Any CPU.Build.0 = Release|Any CPU
		{33FDD2E1-39C9-45FD-A94D-F0926B0CB13C}.Debug|Any CPU.ActiveCfg = Debug|Any CPU
		{33FDD2E1-39C9-45FD-A94D-F0926B0CB13C}.Debug|Any CPU.Build.0 = Debug|Any CPU
		{33FDD2E1-39C9-45FD-A94D-F0926B0CB13C}.Release|Any CPU.ActiveCfg = Release|Any CPU
		{33FDD2E1-39C9-45FD-A94D-F0926B0CB13C}.Release|Any CPU.Build.0 = Release|Any CPU
	EndGlobalSection
	GlobalSection(SolutionProperties) = preSolution
		HideSolutionNode = FALSE
	EndGlobalSection
	GlobalSection(ExtensibilityGlobals) = postSolution
		SolutionGuid = {0FC0C0B3-B260-4FBB-B7F5-EB257FAC3FCB}
	EndGlobalSection
EndGlobal
